// !$*UTF8*$!
{
	archiveVersion = 1;
	classes = {
	};
	objectVersion = 48;
	objects = {

/* Begin PBXBuildFile section */
		D92451F5200BE330000D80EB /* AppDelegate.swift in Sources */ = {isa = PBXBuildFile; fileRef = D92451F4200BE330000D80EB /* AppDelegate.swift */; };
		D92451F7200BE330000D80EB /* ViewController.swift in Sources */ = {isa = PBXBuildFile; fileRef = D92451F6200BE330000D80EB /* ViewController.swift */; };
		D92451FA200BE330000D80EB /* Main.storyboard in Resources */ = {isa = PBXBuildFile; fileRef = D92451F8200BE330000D80EB /* Main.storyboard */; };
		D92451FD200BE330000D80EB /* RealTimeChats.xcdatamodeld in Sources */ = {isa = PBXBuildFile; fileRef = D92451FB200BE330000D80EB /* RealTimeChats.xcdatamodeld */; };
		D92451FF200BE330000D80EB /* Assets.xcassets in Resources */ = {isa = PBXBuildFile; fileRef = D92451FE200BE330000D80EB /* Assets.xcassets */; };
		D9245202200BE330000D80EB /* LaunchScreen.storyboard in Resources */ = {isa = PBXBuildFile; fileRef = D9245200200BE330000D80EB /* LaunchScreen.storyboard */; };
/* End PBXBuildFile section */

/* Begin PBXFileReference section */
		D92451F1200BE330000D80EB /* RealTimeChats.app */ = {isa = PBXFileReference; explicitFileType = wrapper.application; includeInIndex = 0; path = RealTimeChats.app; sourceTree = BUILT_PRODUCTS_DIR; };
		D92451F4200BE330000D80EB /* AppDelegate.swift */ = {isa = PBXFileReference; lastKnownFileType = sourcecode.swift; path = AppDelegate.swift; sourceTree = "<group>"; };
		D92451F6200BE330000D80EB /* ViewController.swift */ = {isa = PBXFileReference; lastKnownFileType = sourcecode.swift; path = ViewController.swift; sourceTree = "<group>"; };
		D92451F9200BE330000D80EB /* Base */ = {isa = PBXFileReference; lastKnownFileType = file.storyboard; name = Base; path = Base.lproj/Main.storyboard; sourceTree = "<group>"; };
		D92451FC200BE330000D80EB /* RealTimeChats.xcdatamodel */ = {isa = PBXFileReference; lastKnownFileType = wrapper.xcdatamodel; path = RealTimeChats.xcdatamodel; sourceTree = "<group>"; };
		D92451FE200BE330000D80EB /* Assets.xcassets */ = {isa = PBXFileReference; lastKnownFileType = folder.assetcatalog; path = Assets.xcassets; sourceTree = "<group>"; };
		D9245201200BE330000D80EB /* Base */ = {isa = PBXFileReference; lastKnownFileType = file.storyboard; name = Base; path = Base.lproj/LaunchScreen.storyboard; sourceTree = "<group>"; };
		D9245203200BE330000D80EB /* Info.plist */ = {isa = PBXFileReference; lastKnownFileType = text.plist.xml; path = Info.plist; sourceTree = "<group>"; };
/* End PBXFileReference section */

/* Begin PBXFrameworksBuildPhase section */
		D92451EE200BE330000D80EB /* Frameworks */ = {
			isa = PBXFrameworksBuildPhase;
			buildActionMask = 2147483647;
			files = (
			);
			runOnlyForDeploymentPostprocessing = 0;
		};
/* End PBXFrameworksBuildPhase section */

/* Begin PBXGroup section */
		D92451E8200BE330000D80EB = {
			isa = PBXGroup;
			children = (
				D9245209200BE381000D80EB /* supportingFiles */,
				D92451F3200BE330000D80EB /* RealTimeChats */,
				D92451F2200BE330000D80EB /* Products */,
			);
			sourceTree = "<group>";
		};
		D92451F2200BE330000D80EB /* Products */ = {
			isa = PBXGroup;
			children = (
				D92451F1200BE330000D80EB /* RealTimeChats.app */,
			);
			name = Products;
			sourceTree = "<group>";
		};
		D92451F3200BE330000D80EB /* RealTimeChats */ = {
			isa = PBXGroup;
			children = (
				D92451F4200BE330000D80EB /* AppDelegate.swift */,
				D92451F6200BE330000D80EB /* ViewController.swift */,
				D92451F8200BE330000D80EB /* Main.storyboard */,
				D9245203200BE330000D80EB /* Info.plist */,
			);
			path = RealTimeChats;
			sourceTree = "<group>";
		};
		D9245209200BE381000D80EB /* supportingFiles */ = {
			isa = PBXGroup;
			children = (
				D92451FE200BE330000D80EB /* Assets.xcassets */,
				D9245200200BE330000D80EB /* LaunchScreen.storyboard */,
				D92451FB200BE330000D80EB /* RealTimeChats.xcdatamodeld */,
			);
			path = supportingFiles;
			sourceTree = "<group>";
		};
/* End PBXGroup section */

/* Begin PBXNativeTarget section */
		D92451F0200BE330000D80EB /* RealTimeChats */ = {
			isa = PBXNativeTarget;
			buildConfigurationList = D9245206200BE330000D80EB /* Build configuration list for PBXNativeTarget "RealTimeChats" */;
			buildPhases = (
				D92451ED200BE330000D80EB /* Sources */,
				D92451EE200BE330000D80EB /* Frameworks */,
				D92451EF200BE330000D80EB /* Resources */,
			);
			buildRules = (
			);
			dependencies = (
			);
			name = RealTimeChats;
			productName = RealTimeChats;
			productReference = D92451F1200BE330000D80EB /* RealTimeChats.app */;
			productType = "com.apple.product-type.application";
		};
/* End PBXNativeTarget section */

/* Begin PBXProject section */
		D92451E9200BE330000D80EB /* Project object */ = {
			isa = PBXProject;
			attributes = {
				LastSwiftUpdateCheck = 0900;
				LastUpgradeCheck = 0900;
				ORGANIZATIONNAME = MohamedSh;
				TargetAttributes = {
					D92451F0200BE330000D80EB = {
						CreatedOnToolsVersion = 9.0;
						ProvisioningStyle = Automatic;
					};
				};
			};
			buildConfigurationList = D92451EC200BE330000D80EB /* Build configuration list for PBXProject "RealTimeChats" */;
			compatibilityVersion = "Xcode 8.0";
			developmentRegion = en;
			hasScannedForEncodings = 0;
			knownRegions = (
				en,
				Base,
			);
			mainGroup = D92451E8200BE330000D80EB;
			productRefGroup = D92451F2200BE330000D80EB /* Products */;
			projectDirPath = "";
			projectRoot = "";
			targets = (
				D92451F0200BE330000D80EB /* RealTimeChats */,
			);
		};
/* End PBXProject section */

/* Begin PBXResourcesBuildPhase section */
		D92451EF200BE330000D80EB /* Resources */ = {
			isa = PBXResourcesBuildPhase;
			buildActionMask = 2147483647;
			files = (
				D9245202200BE330000D80EB /* LaunchScreen.storyboard in Resources */,
				D92451FF200BE330000D80EB /* Assets.xcassets in Resources */,
				D92451FA200BE330000D80EB /* Main.storyboard in Resources */,
			);
			runOnlyForDeploymentPostprocessing = 0;
		};
/* End PBXResourcesBuildPhase section */

/* Begin PBXSourcesBuildPhase section */
		D92451ED200BE330000D80EB /* Sources */ = {
			isa = PBXSourcesBuildPhase;
			buildActionMask = 2147483647;
			files = (
				D92451F7200BE330000D80EB /* ViewController.swift in Sources */,
				D92451FD200BE330000D80EB /* RealTimeChats.xcdatamodeld in Sources */,
				D92451F5200BE330000D80EB /* AppDelegate.swift in Sources */,
			);
			runOnlyForDeploymentPostprocessing = 0;
		};
/* End PBXSourcesBuildPhase section */

/* Begin PBXVariantGroup section */
		D92451F8200BE330000D80EB /* Main.storyboard */ = {
			isa = PBXVariantGroup;
			children = (
				D92451F9200BE330000D80EB /* Base */,
			);
			name = Main.storyboard;
			sourceTree = "<group>";
		};
		D9245200200BE330000D80EB /* LaunchScreen.storyboard */ = {
			isa = PBXVariantGroup;
			children = (
				D9245201200BE330000D80EB /* Base */,
			);
			name = LaunchScreen.storyboard;
			sourceTree = "<group>";
		};
/* End PBXVariantGroup section */

/* Begin XCBuildConfiguration section */
		D9245204200BE330000D80EB /* Debug */ = {
			isa = XCBuildConfiguration;
			buildSettings = {
				ALWAYS_SEARCH_USER_PATHS = NO;
				CLANG_ANALYZER_NONNULL = YES;
				CLANG_ANALYZER_NUMBER_OBJECT_CONVERSION = YES_AGGRESSIVE;
				CLANG_CXX_LANGUAGE_STANDARD = "gnu++14";
				CLANG_CXX_LIBRARY = "libc++";
				CLANG_ENABLE_MODULES = YES;
				CLANG_ENABLE_OBJC_ARC = YES;
				CLANG_WARN_BLOCK_CAPTURE_AUTORELEASING = YES;
				CLANG_WARN_BOOL_CONVERSION = YES;
				CLANG_WARN_COMMA = YES;
				CLANG_WARN_CONSTANT_CONVERSION = YES;
				CLANG_WARN_DIRECT_OBJC_ISA_USAGE = YES_ERROR;
				CLANG_WARN_DOCUMENTATION_COMMENTS = YES;
				CLANG_WARN_EMPTY_BODY = YES;
				CLANG_WARN_ENUM_CONVERSION = YES;
				CLANG_WARN_INFINITE_RECURSION = YES;
				CLANG_WARN_INT_CONVERSION = YES;
				CLANG_WARN_NON_LITERAL_NULL_CONVERSION = YES;
				CLANG_WARN_OBJC_LITERAL_CONVERSION = YES;
				CLANG_WARN_OBJC_ROOT_CLASS = YES_ERROR;
				CLANG_WARN_RANGE_LOOP_ANALYSIS = YES;
				CLANG_WARN_STRICT_PROTOTYPES = YES;
				CLANG_WARN_SUSPICIOUS_MOVE = YES;
				CLANG_WARN_UNGUARDED_AVAILABILITY = YES_AGGRESSIVE;
				CLANG_WARN_UNREACHABLE_CODE = YES;
				CLANG_WARN__DUPLICATE_METHOD_MATCH = YES;
				CODE_SIGN_IDENTITY = "iPhone Developer";
				COPY_PHASE_STRIP = NO;
				DEBUG_INFORMATION_FORMAT = dwarf;
				ENABLE_STRICT_OBJC_MSGSEND = YES;
				ENABLE_TESTABILITY = YES;
				GCC_C_LANGUAGE_STANDARD = gnu11;
				GCC_DYNAMIC_NO_PIC = NO;
				GCC_NO_COMMON_BLOCKS = YES;
				GCC_OPTIMIZATION_LEVEL = 0;
				GCC_PREPROCESSOR_DEFINITIONS = (
					"DEBUG=1",
					"$(inherited)",
				);
				GCC_WARN_64_TO_32_BIT_CONVERSION = YES;
				GCC_WARN_ABOUT_RETURN_TYPE = YES_ERROR;
				GCC_WARN_UNDECLARED_SELECTOR = YES;
				GCC_WARN_UNINITIALIZED_AUTOS = YES_AGGRESSIVE;
				GCC_WARN_UNUSED_FUNCTION = YES;
				GCC_WARN_UNUSED_VARIABLE = YES;
				IPHONEOS_DEPLOYMENT_TARGET = 11.0;
				MTL_ENABLE_DEBUG_INFO = YES;
				ONLY_ACTIVE_ARCH = YES;
				SDKROOT = iphoneos;
				SWIFT_ACTIVE_COMPILATION_CONDITIONS = DEBUG;
				SWIFT_OPTIMIZATION_LEVEL = "-Onone";
			};
			name = Debug;
		};
		D9245205200BE330000D80EB /* Release */ = {
			isa = XCBuildConfiguration;
			buildSettings = {
				ALWAYS_SEARCH_USER_PATHS = NO;
				CLANG_ANALYZER_NONNULL = YES;
				CLANG_ANALYZER_NUMBER_OBJECT_CONVERSION = YES_AGGRESSIVE;
				CLANG_CXX_LANGUAGE_STANDARD = "gnu++14";
				CLANG_CXX_LIBRARY = "libc++";
				CLANG_ENABLE_MODULES = YES;
				CLANG_ENABLE_OBJC_ARC = YES;
				CLANG_WARN_BLOCK_CAPTURE_AUTORELEASING = YES;
				CLANG_WARN_BOOL_CONVERSION = YES;
				CLANG_WARN_COMMA = YES;
				CLANG_WARN_CONSTANT_CONVERSION = YES;
				CLANG_WARN_DIRECT_OBJC_ISA_USAGE = YES_ERROR;
				CLANG_WARN_DOCUMENTATION_COMMENTS = YES;
				CLANG_WARN_EMPTY_BODY = YES;
				CLANG_WARN_ENUM_CONVERSION = YES;
				CLANG_WARN_INFINITE_RECURSION = YES;
				CLANG_WARN_INT_CONVERSION = YES;
				CLANG_WARN_NON_LITERAL_NULL_CONVERSION = YES;
				CLANG_WARN_OBJC_LITERAL_CONVERSION = YES;
				CLANG_WARN_OBJC_ROOT_CLASS = YES_ERROR;
				CLANG_WARN_RANGE_LOOP_ANALYSIS = YES;
				CLANG_WARN_STRICT_PROTOTYPES = YES;
				CLANG_WARN_SUSPICIOUS_MOVE = YES;
				CLANG_WARN_UNGUARDED_AVAILABILITY = YES_AGGRESSIVE;
				CLANG_WARN_UNREACHABLE_CODE = YES;
				CLANG_WARN__DUPLICATE_METHOD_MATCH = YES;
				CODE_SIGN_IDENTITY = "iPhone Developer";
				COPY_PHASE_STRIP = NO;
				DEBUG_INFORMATION_FORMAT = "dwarf-with-dsym";
				ENABLE_NS_ASSERTIONS = NO;
				ENABLE_STRICT_OBJC_MSGSEND = YES;
				GCC_C_LANGUAGE_STANDARD = gnu11;
				GCC_NO_COMMON_BLOCKS = YES;
				GCC_WARN_64_TO_32_BIT_CONVERSION = YES;
				GCC_WARN_ABOUT_RETURN_TYPE = YES_ERROR;
				GCC_WARN_UNDECLARED_SELECTOR = YES;
				GCC_WARN_UNINITIALIZED_AUTOS = YES_AGGRESSIVE;
				GCC_WARN_UNUSED_FUNCTION = YES;
				GCC_WARN_UNUSED_VARIABLE = YES;
				IPHONEOS_DEPLOYMENT_TARGET = 11.0;
				MTL_ENABLE_DEBUG_INFO = NO;
				SDKROOT = iphoneos;
				SWIFT_OPTIMIZATION_LEVEL = "-Owholemodule";
				VALIDATE_PRODUCT = YES;
			};
			name = Release;
		};
		D9245207200BE330000D80EB /* Debug */ = {
			isa = XCBuildConfiguration;
			buildSettings = {
				ASSETCATALOG_COMPILER_APPICON_NAME = AppIcon;
				CODE_SIGN_STYLE = Automatic;
				DEVELOPMENT_TEAM = YNX5X6328E;
				INFOPLIST_FILE = RealTimeChats/Info.plist;
				LD_RUNPATH_SEARCH_PATHS = "$(inherited) @executable_path/Frameworks";
				PRODUCT_BUNDLE_IDENTIFIER = ca.sharpmobile.RealTimeChats;
				PRODUCT_NAME = "$(TARGET_NAME)";
				SWIFT_VERSION = 4.0;
				TARGETED_DEVICE_FAMILY = "1,2";
			};
			name = Debug;
		};
		D9245208200BE330000D80EB /* Release */ = {
			isa = XCBuildConfiguration;
			buildSettings = {
				ASSETCATALOG_COMPILER_APPICON_NAME = AppIcon;
				CODE_SIGN_STYLE = Automatic;
				DEVELOPMENT_TEAM = YNX5X6328E;
				INFOPLIST_FILE = RealTimeChats/Info.plist;
				LD_RUNPATH_SEARCH_PATHS = "$(inherited) @executable_path/Frameworks";
				PRODUCT_BUNDLE_IDENTIFIER = ca.sharpmobile.RealTimeChats;
				PRODUCT_NAME = "$(TARGET_NAME)";
				SWIFT_VERSION = 4.0;
				TARGETED_DEVICE_FAMILY = "1,2";
			};
			name = Release;
		};
/* End XCBuildConfiguration section */

/* Begin XCConfigurationList section */
		D92451EC200BE330000D80EB /* Build configuration list for PBXProject "RealTimeChats" */ = {
			isa = XCConfigurationList;
			buildConfigurations = (
				D9245204200BE330000D80EB /* Debug */,
				D9245205200BE330000D80EB /* Release */,
			);
			defaultConfigurationIsVisible = 0;
			defaultConfigurationName = Release;
		};
		D9245206200BE330000D80EB /* Build configuration list for PBXNativeTarget "RealTimeChats" */ = {
			isa = XCConfigurationList;
			buildConfigurations = (
				D9245207200BE330000D80EB /* Debug */,
				D9245208200BE330000D80EB /* Release */,
			);
			defaultConfigurationIsVisible = 0;
			defaultConfigurationName = Release;
		};
/* End XCConfigurationList section */

/* Begin XCVersionGroup section */
		D92451FB200BE330000D80EB /* RealTimeChats.xcdatamodeld */ = {
			isa = XCVersionGroup;
			children = (
				D92451FC200BE330000D80EB /* RealTimeChats.xcdatamodel */,
			);
			currentVersion = D92451FC200BE330000D80EB /* RealTimeChats.xcdatamodel */;
			path = RealTimeChats.xcdatamodeld;
			sourceTree = "<group>";
			versionGroupType = wrapper.xcdatamodel;
		};
/* End XCVersionGroup section */
	};
	rootObject = D92451E9200BE330000D80EB /* Project object */;
}
